
Microsoft Visual Studio Solution File, Format Version 12.00
# Visual Studio Version 17
VisualStudioVersion = 17.14.36301.6 d17.14
MinimumVisualStudioVersion = 10.0.40219.1
Project("{FAE04EC0-301F-11D3-BF4B-00C04F79EFBC}") = "Note Associations", "Note Associations.csproj", "{82B645BA-5DDC-4C97-AE2E-28CED4F3945E}"
EndProject
Global
	GlobalSection(SolutionConfigurationPlatforms) = preSolution
		Debug|Any CPU = Debug|Any CPU
		Release|Any CPU = Release|Any CPU
	EndGlobalSection
	GlobalSection(ProjectConfigurationPlatforms) = postSolution
		{82B645BA-5DDC-4C97-AE2E-28CED4F3945E}.Debug|Any CPU.ActiveCfg = Debug|Any CPU
		{82B645BA-5DDC-4C97-AE2E-28CED4F3945E}.Debug|Any CPU.Build.0 = Debug|Any CPU
		{82B645BA-5DDC-4C97-AE2E-28CED4F3945E}.Release|Any CPU.ActiveCfg = Release|Any CPU
		{82B645BA-5DDC-4C97-AE2E-28CED4F3945E}.Release|Any CPU.Build.0 = Release|Any CPU
	EndGlobalSection
	GlobalSection(SolutionProperties) = preSolution
		HideSolutionNode = FALSE
	EndGlobalSection
	GlobalSection(ExtensibilityGlobals) = postSolution
		SolutionGuid = {FFB0FDB5-AC32-4AFF-9462-3987D4B7D8D3}
	EndGlobalSection
EndGlobal
