
Microsoft Visual Studio Solution File, Format Version 12.00
# Visual Studio Version 17
VisualStudioVersion = 17.14.36301.6 d17.14
MinimumVisualStudioVersion = 10.0.40219.1
Project("{FAE04EC0-301F-11D3-BF4B-00C04F79EFBC}") = "PT", "PT.csproj", "{7E9A2F3A-36BF-4C67-A128-23CDAEBF657A}"
EndProject
Global
	GlobalSection(SolutionConfigurationPlatforms) = preSolution
		Debug|Any CPU = Debug|Any CPU
		Release|Any CPU = Release|Any CPU
	EndGlobalSection
	GlobalSection(ProjectConfigurationPlatforms) = postSolution
		{7E9A2F3A-36BF-4C67-A128-23CDAEBF657A}.Debug|Any CPU.ActiveCfg = Debug|Any CPU
		{7E9A2F3A-36BF-4C67-A128-23CDAEBF657A}.Debug|Any CPU.Build.0 = Debug|Any CPU
		{7E9A2F3A-36BF-4C67-A128-23CDAEBF657A}.Release|Any CPU.ActiveCfg = Release|Any CPU
		{7E9A2F3A-36BF-4C67-A128-23CDAEBF657A}.Release|Any CPU.Build.0 = Release|Any CPU
	EndGlobalSection
	GlobalSection(SolutionProperties) = preSolution
		HideSolutionNode = FALSE
	EndGlobalSection
	GlobalSection(ExtensibilityGlobals) = postSolution
		SolutionGuid = {710FB4F5-BABD-4425-A45E-F79D4DDA336F}
	EndGlobalSection
EndGlobal
